
Microsoft Visual Studio Solution File, Format Version 12.00
# Visual Studio Version 17
VisualStudioVersion = 17.0.32014.148
MinimumVisualStudioVersion = 10.0.40219.1
Project("{FAE04EC0-301F-11D3-BF4B-00C04F79EFBC}") = "BlazorWalkingSkeleton.Server", "BlazorWalkingSkeleton\Server\BlazorWalkingSkeleton.Server.csproj", "{5DA1E4E4-14AA-44F1-B0A5-F7FE561D64F5}"
EndProject
Project("{FAE04EC0-301F-11D3-BF4B-00C04F79EFBC}") = "BlazorWalkingSkeleton.Client", "BlazorWalkingSkeleton\Client\BlazorWalkingSkeleton.Client.csproj", "{A45C2E6F-F6A6-450A-9778-EDFC227F80CF}"
EndProject
Project("{FAE04EC0-301F-11D3-BF4B-00C04F79EFBC}") = "BlazorWalkingSkeleton.Shared", "BlazorWalkingSkeleton\Shared\BlazorWalkingSkeleton.Shared.csproj", "{7B34B713-4435-4EEB-89CB-9A8A74FD0D23}"
EndProject
Global
	GlobalSection(SolutionConfigurationPlatforms) = preSolution
		Debug|Any CPU = Debug|Any CPU
		Release|Any CPU = Release|Any CPU
	EndGlobalSection
	GlobalSection(ProjectConfigurationPlatforms) = postSolution
		{5DA1E4E4-14AA-44F1-B0A5-F7FE561D64F5}.Debug|Any CPU.ActiveCfg = Debug|Any CPU
		{5DA1E4E4-14AA-44F1-B0A5-F7FE561D64F5}.Debug|Any CPU.Build.0 = Debug|Any CPU
		{5DA1E4E4-14AA-44F1-B0A5-F7FE561D64F5}.Release|Any CPU.ActiveCfg = Release|Any CPU
		{5DA1E4E4-14AA-44F1-B0A5-F7FE561D64F5}.Release|Any CPU.Build.0 = Release|Any CPU
		{A45C2E6F-F6A6-450A-9778-EDFC227F80CF}.Debug|Any CPU.ActiveCfg = Debug|Any CPU
		{A45C2E6F-F6A6-450A-9778-EDFC227F80CF}.Debug|Any CPU.Build.0 = Debug|Any CPU
		{A45C2E6F-F6A6-450A-9778-EDFC227F80CF}.Release|Any CPU.ActiveCfg = Release|Any CPU
		{A45C2E6F-F6A6-450A-9778-EDFC227F80CF}.Release|Any CPU.Build.0 = Release|Any CPU
		{7B34B713-4435-4EEB-89CB-9A8A74FD0D23}.Debug|Any CPU.ActiveCfg = Debug|Any CPU
		{7B34B713-4435-4EEB-89CB-9A8A74FD0D23}.Debug|Any CPU.Build.0 = Debug|Any CPU
		{7B34B713-4435-4EEB-89CB-9A8A74FD0D23}.Release|Any CPU.ActiveCfg = Release|Any CPU
		{7B34B713-4435-4EEB-89CB-9A8A74FD0D23}.Release|Any CPU.Build.0 = Release|Any CPU
	EndGlobalSection
	GlobalSection(SolutionProperties) = preSolution
		HideSolutionNode = FALSE
	EndGlobalSection
	GlobalSection(ExtensibilityGlobals) = postSolution
		SolutionGuid = {DAB28794-371D-4F76-8A9A-73870B9DC760}
	EndGlobalSection
EndGlobal
